
Microsoft Visual Studio Solution File, Format Version 12.00
# Visual Studio Version 16
VisualStudioVersion = 16.0.29728.190
MinimumVisualStudioVersion = 10.0.40219.1
Project("{FAE04EC0-301F-11D3-BF4B-00C04F79EFBC}") = "FootballStatisticWPF", "FootballStatisticWPF\FootballStatisticWPF.csproj", "{46620EAA-DABE-4A06-8404-6DB9283974E7}"
EndProject
Global
	GlobalSection(SolutionConfigurationPlatforms) = preSolution
		Debug|Any CPU = Debug|Any CPU
		Release|Any CPU = Release|Any CPU
	EndGlobalSection
	GlobalSection(ProjectConfigurationPlatforms) = postSolution
		{46620EAA-DABE-4A06-8404-6DB9283974E7}.Debug|Any CPU.ActiveCfg = Debug|Any CPU
		{46620EAA-DABE-4A06-8404-6DB9283974E7}.Debug|Any CPU.Build.0 = Debug|Any CPU
		{46620EAA-DABE-4A06-8404-6DB9283974E7}.Release|Any CPU.ActiveCfg = Release|Any CPU
		{46620EAA-DABE-4A06-8404-6DB9283974E7}.Release|Any CPU.Build.0 = Release|Any CPU
	EndGlobalSection
	GlobalSection(SolutionProperties) = preSolution
		HideSolutionNode = FALSE
	EndGlobalSection
	GlobalSection(ExtensibilityGlobals) = postSolution
		SolutionGuid = {3609B571-0BF8-40E9-B839-3C5440393B63}
	EndGlobalSection
EndGlobal
